
Microsoft Visual Studio Solution File, Format Version 12.00
# Visual Studio Version 17
VisualStudioVersion = 17.0.31903.59
MinimumVisualStudioVersion = 10.0.40219.1
Project("{FAE04EC0-301F-11D3-BF4B-00C04F79EFBC}") = "aic.BL", "aic.BL\aic.BL.csproj", "{43A920FB-E22D-4C5C-BEA4-FD539846CE5B}"
EndProject
Project("{FAE04EC0-301F-11D3-BF4B-00C04F79EFBC}") = "aic.BL.Tests", "aic.BL.Tests\aic.BL.Tests.csproj", "{03639DD4-6449-4EBA-998E-3578CC1360E1}"
EndProject
Global
	GlobalSection(SolutionConfigurationPlatforms) = preSolution
		Debug|Any CPU = Debug|Any CPU
		Release|Any CPU = Release|Any CPU
	EndGlobalSection
	GlobalSection(SolutionProperties) = preSolution
		HideSolutionNode = FALSE
	EndGlobalSection
	GlobalSection(ProjectConfigurationPlatforms) = postSolution
		{43A920FB-E22D-4C5C-BEA4-FD539846CE5B}.Debug|Any CPU.ActiveCfg = Debug|Any CPU
		{43A920FB-E22D-4C5C-BEA4-FD539846CE5B}.Debug|Any CPU.Build.0 = Debug|Any CPU
		{43A920FB-E22D-4C5C-BEA4-FD539846CE5B}.Release|Any CPU.ActiveCfg = Release|Any CPU
		{43A920FB-E22D-4C5C-BEA4-FD539846CE5B}.Release|Any CPU.Build.0 = Release|Any CPU
		{03639DD4-6449-4EBA-998E-3578CC1360E1}.Debug|Any CPU.ActiveCfg = Debug|Any CPU
		{03639DD4-6449-4EBA-998E-3578CC1360E1}.Debug|Any CPU.Build.0 = Debug|Any CPU
		{03639DD4-6449-4EBA-998E-3578CC1360E1}.Release|Any CPU.ActiveCfg = Release|Any CPU
		{03639DD4-6449-4EBA-998E-3578CC1360E1}.Release|Any CPU.Build.0 = Release|Any CPU
	EndGlobalSection
EndGlobal
